
Microsoft Visual Studio Solution File, Format Version 12.00
# Visual Studio Version 16
VisualStudioVersion = 16.0.31911.196
MinimumVisualStudioVersion = 10.0.40219.1
Project("{FAE04EC0-301F-11D3-BF4B-00C04F79EFBC}") = "ClassWork_02", "ClassWork_02\ClassWork_02.csproj", "{BB4C1973-E006-4F2B-88BF-72AAB8188CF5}"
EndProject
Global
	GlobalSection(SolutionConfigurationPlatforms) = preSolution
		Debug|Any CPU = Debug|Any CPU
		Release|Any CPU = Release|Any CPU
	EndGlobalSection
	GlobalSection(ProjectConfigurationPlatforms) = postSolution
		{BB4C1973-E006-4F2B-88BF-72AAB8188CF5}.Debug|Any CPU.ActiveCfg = Debug|Any CPU
		{BB4C1973-E006-4F2B-88BF-72AAB8188CF5}.Debug|Any CPU.Build.0 = Debug|Any CPU
		{BB4C1973-E006-4F2B-88BF-72AAB8188CF5}.Release|Any CPU.ActiveCfg = Release|Any CPU
		{BB4C1973-E006-4F2B-88BF-72AAB8188CF5}.Release|Any CPU.Build.0 = Release|Any CPU
	EndGlobalSection
	GlobalSection(SolutionProperties) = preSolution
		HideSolutionNode = FALSE
	EndGlobalSection
	GlobalSection(ExtensibilityGlobals) = postSolution
		SolutionGuid = {64685997-BAFE-4F90-82B1-A403970A1F00}
	EndGlobalSection
EndGlobal
