
Microsoft Visual Studio Solution File, Format Version 12.00
# Visual Studio Version 16
VisualStudioVersion = 16.0.31911.196
MinimumVisualStudioVersion = 10.0.40219.1
Project("{FAE04EC0-301F-11D3-BF4B-00C04F79EFBC}") = "LibraryHW", "LibraryHW\LibraryHW.csproj", "{6C468D9E-D39B-47D7-A723-EECDDCFEC259}"
EndProject
Project("{FAE04EC0-301F-11D3-BF4B-00C04F79EFBC}") = "HomeWorkConsol", "HomeWorkConsol\HomeWorkConsol.csproj", "{A16CAB91-D6AB-4F17-8D47-27CF0E02ED74}"
EndProject
Project("{FAE04EC0-301F-11D3-BF4B-00C04F79EFBC}") = "TestHW", "TestHW\TestHW.csproj", "{68D7811B-0579-4D73-93AB-724F1AC94B97}"
EndProject
Global
	GlobalSection(SolutionConfigurationPlatforms) = preSolution
		Debug|Any CPU = Debug|Any CPU
		Release|Any CPU = Release|Any CPU
	EndGlobalSection
	GlobalSection(ProjectConfigurationPlatforms) = postSolution
		{6C468D9E-D39B-47D7-A723-EECDDCFEC259}.Debug|Any CPU.ActiveCfg = Debug|Any CPU
		{6C468D9E-D39B-47D7-A723-EECDDCFEC259}.Debug|Any CPU.Build.0 = Debug|Any CPU
		{6C468D9E-D39B-47D7-A723-EECDDCFEC259}.Release|Any CPU.ActiveCfg = Release|Any CPU
		{6C468D9E-D39B-47D7-A723-EECDDCFEC259}.Release|Any CPU.Build.0 = Release|Any CPU
		{A16CAB91-D6AB-4F17-8D47-27CF0E02ED74}.Debug|Any CPU.ActiveCfg = Debug|Any CPU
		{A16CAB91-D6AB-4F17-8D47-27CF0E02ED74}.Debug|Any CPU.Build.0 = Debug|Any CPU
		{A16CAB91-D6AB-4F17-8D47-27CF0E02ED74}.Release|Any CPU.ActiveCfg = Release|Any CPU
		{A16CAB91-D6AB-4F17-8D47-27CF0E02ED74}.Release|Any CPU.Build.0 = Release|Any CPU
		{68D7811B-0579-4D73-93AB-724F1AC94B97}.Debug|Any CPU.ActiveCfg = Debug|Any CPU
		{68D7811B-0579-4D73-93AB-724F1AC94B97}.Debug|Any CPU.Build.0 = Debug|Any CPU
		{68D7811B-0579-4D73-93AB-724F1AC94B97}.Release|Any CPU.ActiveCfg = Release|Any CPU
		{68D7811B-0579-4D73-93AB-724F1AC94B97}.Release|Any CPU.Build.0 = Release|Any CPU
	EndGlobalSection
	GlobalSection(SolutionProperties) = preSolution
		HideSolutionNode = FALSE
	EndGlobalSection
	GlobalSection(ExtensibilityGlobals) = postSolution
		SolutionGuid = {8DD1B8D9-8522-41A8-AC1C-D1E89A65DEC0}
	EndGlobalSection
EndGlobal
