
Microsoft Visual Studio Solution File, Format Version 12.00
# Visual Studio Version 16
VisualStudioVersion = 16.0.31911.196
MinimumVisualStudioVersion = 10.0.40219.1
Project("{9A19103F-16F7-4668-BE54-9A1E7A4F7556}") = "ClassWork_04", "ClassWork_04.csproj", "{77FE5744-C252-4030-A2C5-C367E3348BC6}"
EndProject
Global
	GlobalSection(SolutionConfigurationPlatforms) = preSolution
		Debug|Any CPU = Debug|Any CPU
		Release|Any CPU = Release|Any CPU
	EndGlobalSection
	GlobalSection(ProjectConfigurationPlatforms) = postSolution
		{77FE5744-C252-4030-A2C5-C367E3348BC6}.Debug|Any CPU.ActiveCfg = Debug|Any CPU
		{77FE5744-C252-4030-A2C5-C367E3348BC6}.Debug|Any CPU.Build.0 = Debug|Any CPU
		{77FE5744-C252-4030-A2C5-C367E3348BC6}.Release|Any CPU.ActiveCfg = Release|Any CPU
		{77FE5744-C252-4030-A2C5-C367E3348BC6}.Release|Any CPU.Build.0 = Release|Any CPU
	EndGlobalSection
	GlobalSection(SolutionProperties) = preSolution
		HideSolutionNode = FALSE
	EndGlobalSection
	GlobalSection(ExtensibilityGlobals) = postSolution
		SolutionGuid = {33D4E2AC-0182-4EF7-94CF-35FCAA833D54}
	EndGlobalSection
EndGlobal
