
Microsoft Visual Studio Solution File, Format Version 12.00
# Visual Studio Version 16
VisualStudioVersion = 16.0.31911.196
MinimumVisualStudioVersion = 10.0.40219.1
Project("{FAE04EC0-301F-11D3-BF4B-00C04F79EFBC}") = "ClassWork_03", "ClassWork_03\ClassWork_03.csproj", "{C0950AD3-3B24-425A-891D-4D4E4A8AEBE3}"
EndProject
Global
	GlobalSection(SolutionConfigurationPlatforms) = preSolution
		Debug|Any CPU = Debug|Any CPU
		Release|Any CPU = Release|Any CPU
	EndGlobalSection
	GlobalSection(ProjectConfigurationPlatforms) = postSolution
		{C0950AD3-3B24-425A-891D-4D4E4A8AEBE3}.Debug|Any CPU.ActiveCfg = Debug|Any CPU
		{C0950AD3-3B24-425A-891D-4D4E4A8AEBE3}.Debug|Any CPU.Build.0 = Debug|Any CPU
		{C0950AD3-3B24-425A-891D-4D4E4A8AEBE3}.Release|Any CPU.ActiveCfg = Release|Any CPU
		{C0950AD3-3B24-425A-891D-4D4E4A8AEBE3}.Release|Any CPU.Build.0 = Release|Any CPU
	EndGlobalSection
	GlobalSection(SolutionProperties) = preSolution
		HideSolutionNode = FALSE
	EndGlobalSection
	GlobalSection(ExtensibilityGlobals) = postSolution
		SolutionGuid = {12E18178-8047-4BE8-9957-139CB4E8EFFC}
	EndGlobalSection
EndGlobal
